
Microsoft Visual Studio Solution File, Format Version 12.00
# Visual Studio Version 17
VisualStudioVersion = 17.10.34928.147
MinimumVisualStudioVersion = 10.0.40219.1
Project("{FAE04EC0-301F-11D3-BF4B-00C04F79EFBC}") = "Fow1", "Fow1\Fow1.csproj", "{6B3E86E8-BF53-4151-A823-85F28723BE63}"
EndProject
Global
	GlobalSection(SolutionConfigurationPlatforms) = preSolution
		Debug|Any CPU = Debug|Any CPU
		Release|Any CPU = Release|Any CPU
	EndGlobalSection
	GlobalSection(ProjectConfigurationPlatforms) = postSolution
		{6B3E86E8-BF53-4151-A823-85F28723BE63}.Debug|Any CPU.ActiveCfg = Debug|Any CPU
		{6B3E86E8-BF53-4151-A823-85F28723BE63}.Debug|Any CPU.Build.0 = Debug|Any CPU
		{6B3E86E8-BF53-4151-A823-85F28723BE63}.Release|Any CPU.ActiveCfg = Release|Any CPU
		{6B3E86E8-BF53-4151-A823-85F28723BE63}.Release|Any CPU.Build.0 = Release|Any CPU
	EndGlobalSection
	GlobalSection(SolutionProperties) = preSolution
		HideSolutionNode = FALSE
	EndGlobalSection
	GlobalSection(ExtensibilityGlobals) = postSolution
		SolutionGuid = {83408D23-02E7-4B01-BD33-23C1B823991A}
	EndGlobalSection
EndGlobal
