
Microsoft Visual Studio Solution File, Format Version 12.00
# Visual Studio Version 17
VisualStudioVersion = 17.10.34928.147
MinimumVisualStudioVersion = 10.0.40219.1
Project("{FAE04EC0-301F-11D3-BF4B-00C04F79EFBC}") = "Fow5.gun", "Fow5.gun\Fow5.gun.csproj", "{1C298ED2-3E54-45FC-B2E4-4DA6F9B7BD8C}"
EndProject
Global
	GlobalSection(SolutionConfigurationPlatforms) = preSolution
		Debug|Any CPU = Debug|Any CPU
		Release|Any CPU = Release|Any CPU
	EndGlobalSection
	GlobalSection(ProjectConfigurationPlatforms) = postSolution
		{1C298ED2-3E54-45FC-B2E4-4DA6F9B7BD8C}.Debug|Any CPU.ActiveCfg = Debug|Any CPU
		{1C298ED2-3E54-45FC-B2E4-4DA6F9B7BD8C}.Debug|Any CPU.Build.0 = Debug|Any CPU
		{1C298ED2-3E54-45FC-B2E4-4DA6F9B7BD8C}.Release|Any CPU.ActiveCfg = Release|Any CPU
		{1C298ED2-3E54-45FC-B2E4-4DA6F9B7BD8C}.Release|Any CPU.Build.0 = Release|Any CPU
	EndGlobalSection
	GlobalSection(SolutionProperties) = preSolution
		HideSolutionNode = FALSE
	EndGlobalSection
	GlobalSection(ExtensibilityGlobals) = postSolution
		SolutionGuid = {70129D37-7322-43DA-B635-8ACB6BF27541}
	EndGlobalSection
EndGlobal
